
Microsoft Visual Studio Solution File, Format Version 12.00
# Visual Studio Version 17
VisualStudioVersion = 17.14.37027.9 d17.14
MinimumVisualStudioVersion = 10.0.40219.1
Project("{FAE04EC0-301F-11D3-BF4B-00C04F79EFBC}") = "MovieReservationAPI", "MovieReservationAPI\MovieReservationAPI.csproj", "{1C7E0BD3-B008-49F9-B657-51457F549E97}"
EndProject
Project("{FAE04EC0-301F-11D3-BF4B-00C04F79EFBC}") = "MovieReservationAPI.Tests", "MovieReservationAPI.Tests\MovieReservationAPI.Tests.csproj", "{4424F83E-0AF3-4B5B-A556-4773AEA30C3C}"
EndProject
Global
	GlobalSection(SolutionConfigurationPlatforms) = preSolution
		Debug|Any CPU = Debug|Any CPU
		Release|Any CPU = Release|Any CPU
	EndGlobalSection
	GlobalSection(ProjectConfigurationPlatforms) = postSolution
		{1C7E0BD3-B008-49F9-B657-51457F549E97}.Debug|Any CPU.ActiveCfg = Debug|Any CPU
		{1C7E0BD3-B008-49F9-B657-51457F549E97}.Debug|Any CPU.Build.0 = Debug|Any CPU
		{1C7E0BD3-B008-49F9-B657-51457F549E97}.Release|Any CPU.ActiveCfg = Release|Any CPU
		{1C7E0BD3-B008-49F9-B657-51457F549E97}.Release|Any CPU.Build.0 = Release|Any CPU
		{4424F83E-0AF3-4B5B-A556-4773AEA30C3C}.Debug|Any CPU.ActiveCfg = Debug|Any CPU
		{4424F83E-0AF3-4B5B-A556-4773AEA30C3C}.Debug|Any CPU.Build.0 = Debug|Any CPU
		{4424F83E-0AF3-4B5B-A556-4773AEA30C3C}.Release|Any CPU.ActiveCfg = Release|Any CPU
		{4424F83E-0AF3-4B5B-A556-4773AEA30C3C}.Release|Any CPU.Build.0 = Release|Any CPU
	EndGlobalSection
	GlobalSection(SolutionProperties) = preSolution
		HideSolutionNode = FALSE
	EndGlobalSection
	GlobalSection(ExtensibilityGlobals) = postSolution
		SolutionGuid = {1DD6EED2-846B-4692-9008-603C6C06087F}
	EndGlobalSection
EndGlobal
